
Microsoft Visual Studio Solution File, Format Version 12.00
# Visual Studio Version 17
VisualStudioVersion = 17.8.34322.80
MinimumVisualStudioVersion = 10.0.40219.1
Project("{FAE04EC0-301F-11D3-BF4B-00C04F79EFBC}") = "workshop4", "workshop4\workshop4.csproj", "{B27C586D-EE21-43A4-BA8B-DB848C2C78A2}"
EndProject
Global
	GlobalSection(SolutionConfigurationPlatforms) = preSolution
		Debug|Any CPU = Debug|Any CPU
		Release|Any CPU = Release|Any CPU
	EndGlobalSection
	GlobalSection(ProjectConfigurationPlatforms) = postSolution
		{B27C586D-EE21-43A4-BA8B-DB848C2C78A2}.Debug|Any CPU.ActiveCfg = Debug|Any CPU
		{B27C586D-EE21-43A4-BA8B-DB848C2C78A2}.Debug|Any CPU.Build.0 = Debug|Any CPU
		{B27C586D-EE21-43A4-BA8B-DB848C2C78A2}.Release|Any CPU.ActiveCfg = Release|Any CPU
		{B27C586D-EE21-43A4-BA8B-DB848C2C78A2}.Release|Any CPU.Build.0 = Release|Any CPU
	EndGlobalSection
	GlobalSection(SolutionProperties) = preSolution
		HideSolutionNode = FALSE
	EndGlobalSection
	GlobalSection(ExtensibilityGlobals) = postSolution
		SolutionGuid = {47E12203-9CBD-4C35-B663-B66EEA740425}
	EndGlobalSection
EndGlobal
